
Microsoft Visual Studio Solution File, Format Version 12.00
# Visual Studio Version 16
VisualStudioVersion = 16.0.31129.286
MinimumVisualStudioVersion = 10.0.40219.1
Project("{FAE04EC0-301F-11D3-BF4B-00C04F79EFBC}") = "CSBasic", "CSBasic\CSBasic.csproj", "{10FA58B0-B8C3-4209-9608-72EC5E427A29}"
EndProject
Global
	GlobalSection(SolutionConfigurationPlatforms) = preSolution
		Debug|Any CPU = Debug|Any CPU
		Release|Any CPU = Release|Any CPU
	EndGlobalSection
	GlobalSection(ProjectConfigurationPlatforms) = postSolution
		{10FA58B0-B8C3-4209-9608-72EC5E427A29}.Debug|Any CPU.ActiveCfg = Debug|Any CPU
		{10FA58B0-B8C3-4209-9608-72EC5E427A29}.Debug|Any CPU.Build.0 = Debug|Any CPU
		{10FA58B0-B8C3-4209-9608-72EC5E427A29}.Release|Any CPU.ActiveCfg = Release|Any CPU
		{10FA58B0-B8C3-4209-9608-72EC5E427A29}.Release|Any CPU.Build.0 = Release|Any CPU
	EndGlobalSection
	GlobalSection(SolutionProperties) = preSolution
		HideSolutionNode = FALSE
	EndGlobalSection
	GlobalSection(ExtensibilityGlobals) = postSolution
		SolutionGuid = {3B96F7EC-3638-4C43-8C14-3036F4BECA6D}
	EndGlobalSection
EndGlobal
