
Microsoft Visual Studio Solution File, Format Version 12.00
# Visual Studio Version 16
VisualStudioVersion = 16.0.31129.286
MinimumVisualStudioVersion = 10.0.40219.1
Project("{FAE04EC0-301F-11D3-BF4B-00C04F79EFBC}") = "CSBasic5", "CSBasic5\CSBasic5.csproj", "{775A847C-BE67-4BCA-9DF1-BF35FB918820}"
EndProject
Global
	GlobalSection(SolutionConfigurationPlatforms) = preSolution
		Debug|Any CPU = Debug|Any CPU
		Release|Any CPU = Release|Any CPU
	EndGlobalSection
	GlobalSection(ProjectConfigurationPlatforms) = postSolution
		{775A847C-BE67-4BCA-9DF1-BF35FB918820}.Debug|Any CPU.ActiveCfg = Debug|Any CPU
		{775A847C-BE67-4BCA-9DF1-BF35FB918820}.Debug|Any CPU.Build.0 = Debug|Any CPU
		{775A847C-BE67-4BCA-9DF1-BF35FB918820}.Release|Any CPU.ActiveCfg = Release|Any CPU
		{775A847C-BE67-4BCA-9DF1-BF35FB918820}.Release|Any CPU.Build.0 = Release|Any CPU
	EndGlobalSection
	GlobalSection(SolutionProperties) = preSolution
		HideSolutionNode = FALSE
	EndGlobalSection
	GlobalSection(ExtensibilityGlobals) = postSolution
		SolutionGuid = {752DF552-6AF5-4F2F-AE0C-31CFE0E1A4F0}
	EndGlobalSection
EndGlobal
